<?xml version="1.0" encoding="UTF-8"?>
<Scheme
   LastUpgradeVersion = "1240"
   version = "1.7">
   <BuildAction
      parallelizeBuildables = "YES"
      buildImplicitDependencies = "YES">
      <PreActions>
         <ExecutionAction
            ActionType = "Xcode.IDEStandardExecutionActionsCore.ExecutionActionType.ShellScriptAction">
            <ActionContent
               title = "Run Script"
               scriptText = "&#10;if [ ! -d ${PROJECT_DIR}/Frameworks/ipworks3ds_sdk_release.xcframework ]&#10;then&#10;&#9;echo &quot;error: 3DS framework not found. Ask support@securionpay.com for it and copy it to Frameworks directory. Check README for more details.&quot;&#10;    exit 1   &#10;fi&#10;&#10;if [ ! -d ${PROJECT_DIR}/Frameworks/ipworks3ds_sdk_debug.xcframework ]&#10;then&#10;&#9;echo &quot;error: 3DS framework not found. Ask support@securionpay.com for it and copy it to Frameworks directory. Check README for more details.&quot;&#10;    exit 1   &#10;fi&#10;&#10;rm -rf ${PROJECT_DIR}/ipworks3ds_sdk.xcframework&#10;cp -rf ${PROJECT_DIR}/Frameworks/ipworks3ds_sdk_release.xcframework ${PROJECT_DIR}/ipworks3ds_sdk.xcframework&#10;">
               <EnvironmentBuildable>
                  <BuildableReference
                     BuildableIdentifier = "primary"
                     BlueprintIdentifier = "8585DB542636E88E0018E3EF"
                     BuildableName = "Example.app"
                     BlueprintName = "Example"
                     ReferencedContainer = "container:Examples.xcodeproj">
                  </BuildableReference>
               </EnvironmentBuildable>
            </ActionContent>
         </ExecutionAction>
      </PreActions>
      <BuildActionEntries>
         <BuildActionEntry
            buildForTesting = "YES"
            buildForRunning = "YES"
            buildForProfiling = "YES"
            buildForArchiving = "YES"
            buildForAnalyzing = "YES">
            <BuildableReference
               BuildableIdentifier = "primary"
               BlueprintIdentifier = "8585DB542636E88E0018E3EF"
               BuildableName = "Example.app"
               BlueprintName = "Example"
               ReferencedContainer = "container:Examples.xcodeproj">
            </BuildableReference>
         </BuildActionEntry>
      </BuildActionEntries>
   </BuildAction>
   <TestAction
      buildConfiguration = "Debug"
      selectedDebuggerIdentifier = "Xcode.DebuggerFoundation.Debugger.LLDB"
      selectedLauncherIdentifier = "Xcode.DebuggerFoundation.Launcher.LLDB"
      shouldUseLaunchSchemeArgsEnv = "YES">
      <Testables>
         <TestableReference
            skipped = "NO">
            <BuildableReference
               BuildableIdentifier = "primary"
               BlueprintIdentifier = "851C10A32636EA21005001B3"
               BuildableName = "UITests.xctest"
               BlueprintName = "UITests"
               ReferencedContainer = "container:Examples.xcodeproj">
            </BuildableReference>
         </TestableReference>
      </Testables>
   </TestAction>
   <LaunchAction
      buildConfiguration = "Debug"
      selectedDebuggerIdentifier = "Xcode.DebuggerFoundation.Debugger.LLDB"
      selectedLauncherIdentifier = "Xcode.DebuggerFoundation.Launcher.LLDB"
      launchStyle = "0"
      useCustomWorkingDirectory = "NO"
      ignoresPersistentStateOnLaunch = "NO"
      debugDocumentVersioning = "YES"
      debugServiceExtension = "internal"
      allowLocationSimulation = "YES">
      <BuildableProductRunnable
         runnableDebuggingMode = "0">
         <BuildableReference
            BuildableIdentifier = "primary"
            BlueprintIdentifier = "8585DB542636E88E0018E3EF"
            BuildableName = "Example.app"
            BlueprintName = "Example"
            ReferencedContainer = "container:Examples.xcodeproj">
         </BuildableReference>
      </BuildableProductRunnable>
   </LaunchAction>
   <ProfileAction
      buildConfiguration = "Release"
      shouldUseLaunchSchemeArgsEnv = "YES"
      savedToolIdentifier = ""
      useCustomWorkingDirectory = "NO"
      debugDocumentVersioning = "YES">
      <BuildableProductRunnable
         runnableDebuggingMode = "0">
         <BuildableReference
            BuildableIdentifier = "primary"
            BlueprintIdentifier = "8585DB542636E88E0018E3EF"
            BuildableName = "Example.app"
            BlueprintName = "Example"
            ReferencedContainer = "container:Examples.xcodeproj">
         </BuildableReference>
      </BuildableProductRunnable>
   </ProfileAction>
   <AnalyzeAction
      buildConfiguration = "Debug">
   </AnalyzeAction>
   <ArchiveAction
      buildConfiguration = "Release"
      revealArchiveInOrganizer = "YES">
   </ArchiveAction>
</Scheme>
